
Microsoft Visual Studio Solution File, Format Version 12.00
# Visual Studio 15
Project("{FAE04EC0-301F-11D3-BF4B-00C04F79EFBC}") = "Assembly-CSharp", "Assembly-CSharp.csproj", "{72D58ACB-979D-49AC-9DB0-355F0EB94B7D}"
EndProject
Global
	GlobalSection(SolutionConfigurationPlatforms) = preSolution
		Debug|Any CPU = Debug|Any CPU
		Release|Any CPU = Release|Any CPU
	EndGlobalSection
	GlobalSection(ProjectConfigurationPlatforms) = postSolution
		{72D58ACB-979D-49AC-9DB0-355F0EB94B7D}.Debug|Any CPU.ActiveCfg = Debug|Any CPU
		{72D58ACB-979D-49AC-9DB0-355F0EB94B7D}.Debug|Any CPU.Build.0 = Debug|Any CPU
		{72D58ACB-979D-49AC-9DB0-355F0EB94B7D}.Release|Any CPU.ActiveCfg = Release|Any CPU
		{72D58ACB-979D-49AC-9DB0-355F0EB94B7D}.Release|Any CPU.Build.0 = Release|Any CPU
	EndGlobalSection
	GlobalSection(SolutionProperties) = preSolution
		HideSolutionNode = FALSE
	EndGlobalSection
EndGlobal
